
Microsoft Visual Studio Solution File, Format Version 12.00
# Visual Studio Version 17
VisualStudioVersion = 17.11.35327.3
MinimumVisualStudioVersion = 10.0.40219.1
Project("{FAE04EC0-301F-11D3-BF4B-00C04F79EFBC}") = "GameStore", "GameStore\GameStore.csproj", "{4A99C8D9-2B82-4176-8051-C231F1E8CD6A}"
EndProject
Global
	GlobalSection(SolutionConfigurationPlatforms) = preSolution
		Debug|Any CPU = Debug|Any CPU
		Release|Any CPU = Release|Any CPU
	EndGlobalSection
	GlobalSection(ProjectConfigurationPlatforms) = postSolution
		{4A99C8D9-2B82-4176-8051-C231F1E8CD6A}.Debug|Any CPU.ActiveCfg = Debug|Any CPU
		{4A99C8D9-2B82-4176-8051-C231F1E8CD6A}.Debug|Any CPU.Build.0 = Debug|Any CPU
		{4A99C8D9-2B82-4176-8051-C231F1E8CD6A}.Release|Any CPU.ActiveCfg = Release|Any CPU
		{4A99C8D9-2B82-4176-8051-C231F1E8CD6A}.Release|Any CPU.Build.0 = Release|Any CPU
	EndGlobalSection
	GlobalSection(SolutionProperties) = preSolution
		HideSolutionNode = FALSE
	EndGlobalSection
	GlobalSection(ExtensibilityGlobals) = postSolution
		SolutionGuid = {39C6546A-BC61-41B5-96E6-CD28A389EE0B}
	EndGlobalSection
EndGlobal
